// !$*UTF8*$!
{
	archiveVersion = 1;
	classes = {
	};
	objectVersion = 56;
	objects = {

/* Begin PBXBuildFile section */
		3E4B17092A7F600A003EBED0 /* EntityView.swift in Sources */ = {isa = PBXBuildFile; fileRef = 3E4B17082A7F600A003EBED0 /* EntityView.swift */; };
		3E791CFE2A7E8E8E00059350 /* SaveEntityView.swift in Sources */ = {isa = PBXBuildFile; fileRef = 3E791CFD2A7E8E8E00059350 /* SaveEntityView.swift */; };
		3E8710FF2A7E28C100CB840C /* HomeView.swift in Sources */ = {isa = PBXBuildFile; fileRef = 3E8710FE2A7E28C100CB840C /* HomeView.swift */; };
		3E8711012A7E290C00CB840C /* SavedView.swift in Sources */ = {isa = PBXBuildFile; fileRef = 3E8711002A7E290C00CB840C /* SavedView.swift */; };
		3E947BCE2A74242B0054C163 /* utils.swift in Sources */ = {isa = PBXBuildFile; fileRef = 3E947BCD2A74242B0054C163 /* utils.swift */; };
		3EA9228F2A6F700900C9F464 /* SafeCodeApp.swift in Sources */ = {isa = PBXBuildFile; fileRef = 3EA9228E2A6F700900C9F464 /* SafeCodeApp.swift */; };
		3EA922912A6F700A00C9F464 /* ContentView.swift in Sources */ = {isa = PBXBuildFile; fileRef = 3EA922902A6F700A00C9F464 /* ContentView.swift */; };
		3EA922932A6F700B00C9F464 /* Assets.xcassets in Resources */ = {isa = PBXBuildFile; fileRef = 3EA922922A6F700B00C9F464 /* Assets.xcassets */; };
		3EA922972A6F700B00C9F464 /* Preview Assets.xcassets in Resources */ = {isa = PBXBuildFile; fileRef = 3EA922962A6F700B00C9F464 /* Preview Assets.xcassets */; };
		3EBDEC412A83F8FB00AF8C98 /* VariantToggle.swift in Sources */ = {isa = PBXBuildFile; fileRef = 3EBDEC402A83F8FB00AF8C98 /* VariantToggle.swift */; };
		3EEC59802A7FC805004595BD /* Password.xcdatamodeld in Sources */ = {isa = PBXBuildFile; fileRef = 3EEC597E2A7FC805004595BD /* Password.xcdatamodeld */; };
		3EEC59822A7FC9CA004595BD /* DataController.swift in Sources */ = {isa = PBXBuildFile; fileRef = 3EEC59812A7FC9CA004595BD /* DataController.swift */; };
/* End PBXBuildFile section */

/* Begin PBXFileReference section */
		3E4B17082A7F600A003EBED0 /* EntityView.swift */ = {isa = PBXFileReference; lastKnownFileType = sourcecode.swift; path = EntityView.swift; sourceTree = "<group>"; };
		3E791CFD2A7E8E8E00059350 /* SaveEntityView.swift */ = {isa = PBXFileReference; lastKnownFileType = sourcecode.swift; path = SaveEntityView.swift; sourceTree = "<group>"; };
		3E8710FE2A7E28C100CB840C /* HomeView.swift */ = {isa = PBXFileReference; lastKnownFileType = sourcecode.swift; path = HomeView.swift; sourceTree = "<group>"; };
		3E8711002A7E290C00CB840C /* SavedView.swift */ = {isa = PBXFileReference; lastKnownFileType = sourcecode.swift; path = SavedView.swift; sourceTree = "<group>"; };
		3E947BCD2A74242B0054C163 /* utils.swift */ = {isa = PBXFileReference; lastKnownFileType = sourcecode.swift; path = utils.swift; sourceTree = "<group>"; };
		3EA9228B2A6F700900C9F464 /* SafeCode.app */ = {isa = PBXFileReference; explicitFileType = wrapper.application; includeInIndex = 0; path = SafeCode.app; sourceTree = BUILT_PRODUCTS_DIR; };
		3EA9228E2A6F700900C9F464 /* SafeCodeApp.swift */ = {isa = PBXFileReference; lastKnownFileType = sourcecode.swift; path = SafeCodeApp.swift; sourceTree = "<group>"; };
		3EA922902A6F700A00C9F464 /* ContentView.swift */ = {isa = PBXFileReference; lastKnownFileType = sourcecode.swift; path = ContentView.swift; sourceTree = "<group>"; };
		3EA922922A6F700B00C9F464 /* Assets.xcassets */ = {isa = PBXFileReference; lastKnownFileType = folder.assetcatalog; path = Assets.xcassets; sourceTree = "<group>"; };
		3EA922942A6F700B00C9F464 /* SafeCode.entitlements */ = {isa = PBXFileReference; lastKnownFileType = text.plist.entitlements; path = SafeCode.entitlements; sourceTree = "<group>"; };
		3EA922962A6F700B00C9F464 /* Preview Assets.xcassets */ = {isa = PBXFileReference; lastKnownFileType = folder.assetcatalog; path = "Preview Assets.xcassets"; sourceTree = "<group>"; };
		3EBDEC402A83F8FB00AF8C98 /* VariantToggle.swift */ = {isa = PBXFileReference; lastKnownFileType = sourcecode.swift; path = VariantToggle.swift; sourceTree = "<group>"; };
		3EEC597F2A7FC805004595BD /* Password.xcdatamodel */ = {isa = PBXFileReference; lastKnownFileType = wrapper.xcdatamodel; path = Password.xcdatamodel; sourceTree = "<group>"; };
		3EEC59812A7FC9CA004595BD /* DataController.swift */ = {isa = PBXFileReference; lastKnownFileType = sourcecode.swift; path = DataController.swift; sourceTree = "<group>"; };
/* End PBXFileReference section */

/* Begin PBXFrameworksBuildPhase section */
		3EA922882A6F700900C9F464 /* Frameworks */ = {
			isa = PBXFrameworksBuildPhase;
			buildActionMask = 2147483647;
			files = (
			);
			runOnlyForDeploymentPostprocessing = 0;
		};
/* End PBXFrameworksBuildPhase section */

/* Begin PBXGroup section */
		3EA922822A6F700900C9F464 = {
			isa = PBXGroup;
			children = (
				3EA9228D2A6F700900C9F464 /* SafeCode */,
				3EA9228C2A6F700900C9F464 /* Products */,
			);
			sourceTree = "<group>";
		};
		3EA9228C2A6F700900C9F464 /* Products */ = {
			isa = PBXGroup;
			children = (
				3EA9228B2A6F700900C9F464 /* SafeCode.app */,
			);
			name = Products;
			sourceTree = "<group>";
		};
		3EA9228D2A6F700900C9F464 /* SafeCode */ = {
			isa = PBXGroup;
			children = (
				3EA9228E2A6F700900C9F464 /* SafeCodeApp.swift */,
				3EA922902A6F700A00C9F464 /* ContentView.swift */,
				3EEC59812A7FC9CA004595BD /* DataController.swift */,
				3E4B17082A7F600A003EBED0 /* EntityView.swift */,
				3E8710FE2A7E28C100CB840C /* HomeView.swift */,
				3EBDEC402A83F8FB00AF8C98 /* VariantToggle.swift */,
				3E791CFD2A7E8E8E00059350 /* SaveEntityView.swift */,
				3E8711002A7E290C00CB840C /* SavedView.swift */,
				3E947BCD2A74242B0054C163 /* utils.swift */,
				3EEC597E2A7FC805004595BD /* Password.xcdatamodeld */,
				3EA922922A6F700B00C9F464 /* Assets.xcassets */,
				3EA922942A6F700B00C9F464 /* SafeCode.entitlements */,
				3EA922952A6F700B00C9F464 /* Preview Content */,
			);
			path = SafeCode;
			sourceTree = "<group>";
		};
		3EA922952A6F700B00C9F464 /* Preview Content */ = {
			isa = PBXGroup;
			children = (
				3EA922962A6F700B00C9F464 /* Preview Assets.xcassets */,
			);
			path = "Preview Content";
			sourceTree = "<group>";
		};
/* End PBXGroup section */

/* Begin PBXNativeTarget section */
		3EA9228A2A6F700900C9F464 /* SafeCode */ = {
			isa = PBXNativeTarget;
			buildConfigurationList = 3EA9229A2A6F700B00C9F464 /* Build configuration list for PBXNativeTarget "SafeCode" */;
			buildPhases = (
				3EA922872A6F700900C9F464 /* Sources */,
				3EA922882A6F700900C9F464 /* Frameworks */,
				3EA922892A6F700900C9F464 /* Resources */,
			);
			buildRules = (
			);
			dependencies = (
			);
			name = SafeCode;
			productName = SafeCode;
			productReference = 3EA9228B2A6F700900C9F464 /* SafeCode.app */;
			productType = "com.apple.product-type.application";
		};
/* End PBXNativeTarget section */

/* Begin PBXProject section */
		3EA922832A6F700900C9F464 /* Project object */ = {
			isa = PBXProject;
			attributes = {
				BuildIndependentTargetsInParallel = 1;
				LastSwiftUpdateCheck = 1430;
				LastUpgradeCheck = 1430;
				TargetAttributes = {
					3EA9228A2A6F700900C9F464 = {
						CreatedOnToolsVersion = 14.3.1;
					};
				};
			};
			buildConfigurationList = 3EA922862A6F700900C9F464 /* Build configuration list for PBXProject "SafeCode" */;
			compatibilityVersion = "Xcode 14.0";
			developmentRegion = en;
			hasScannedForEncodings = 0;
			knownRegions = (
				en,
				Base,
			);
			mainGroup = 3EA922822A6F700900C9F464;
			productRefGroup = 3EA9228C2A6F700900C9F464 /* Products */;
			projectDirPath = "";
			projectRoot = "";
			targets = (
				3EA9228A2A6F700900C9F464 /* SafeCode */,
			);
		};
/* End PBXProject section */

/* Begin PBXResourcesBuildPhase section */
		3EA922892A6F700900C9F464 /* Resources */ = {
			isa = PBXResourcesBuildPhase;
			buildActionMask = 2147483647;
			files = (
				3EA922972A6F700B00C9F464 /* Preview Assets.xcassets in Resources */,
				3EA922932A6F700B00C9F464 /* Assets.xcassets in Resources */,
			);
			runOnlyForDeploymentPostprocessing = 0;
		};
/* End PBXResourcesBuildPhase section */

/* Begin PBXSourcesBuildPhase section */
		3EA922872A6F700900C9F464 /* Sources */ = {
			isa = PBXSourcesBuildPhase;
			buildActionMask = 2147483647;
			files = (
				3E947BCE2A74242B0054C163 /* utils.swift in Sources */,
				3E8711012A7E290C00CB840C /* SavedView.swift in Sources */,
				3E4B17092A7F600A003EBED0 /* EntityView.swift in Sources */,
				3E8710FF2A7E28C100CB840C /* HomeView.swift in Sources */,
				3EEC59822A7FC9CA004595BD /* DataController.swift in Sources */,
				3EBDEC412A83F8FB00AF8C98 /* VariantToggle.swift in Sources */,
				3EA922912A6F700A00C9F464 /* ContentView.swift in Sources */,
				3E791CFE2A7E8E8E00059350 /* SaveEntityView.swift in Sources */,
				3EEC59802A7FC805004595BD /* Password.xcdatamodeld in Sources */,
				3EA9228F2A6F700900C9F464 /* SafeCodeApp.swift in Sources */,
			);
			runOnlyForDeploymentPostprocessing = 0;
		};
/* End PBXSourcesBuildPhase section */

/* Begin XCBuildConfiguration section */
		3EA922982A6F700B00C9F464 /* Debug */ = {
			isa = XCBuildConfiguration;
			buildSettings = {
				ALWAYS_SEARCH_USER_PATHS = NO;
				CLANG_ANALYZER_NONNULL = YES;
				CLANG_ANALYZER_NUMBER_OBJECT_CONVERSION = YES_AGGRESSIVE;
				CLANG_CXX_LANGUAGE_STANDARD = "gnu++20";
				CLANG_ENABLE_MODULES = YES;
				CLANG_ENABLE_OBJC_ARC = YES;
				CLANG_ENABLE_OBJC_WEAK = YES;
				CLANG_WARN_BLOCK_CAPTURE_AUTORELEASING = YES;
				CLANG_WARN_BOOL_CONVERSION = YES;
				CLANG_WARN_COMMA = YES;
				CLANG_WARN_CONSTANT_CONVERSION = YES;
				CLANG_WARN_DEPRECATED_OBJC_IMPLEMENTATIONS = YES;
				CLANG_WARN_DIRECT_OBJC_ISA_USAGE = YES_ERROR;
				CLANG_WARN_DOCUMENTATION_COMMENTS = YES;
				CLANG_WARN_EMPTY_BODY = YES;
				CLANG_WARN_ENUM_CONVERSION = YES;
				CLANG_WARN_INFINITE_RECURSION = YES;
				CLANG_WARN_INT_CONVERSION = YES;
				CLANG_WARN_NON_LITERAL_NULL_CONVERSION = YES;
				CLANG_WARN_OBJC_IMPLICIT_RETAIN_SELF = YES;
				CLANG_WARN_OBJC_LITERAL_CONVERSION = YES;
				CLANG_WARN_OBJC_ROOT_CLASS = YES_ERROR;
				CLANG_WARN_QUOTED_INCLUDE_IN_FRAMEWORK_HEADER = YES;
				CLANG_WARN_RANGE_LOOP_ANALYSIS = YES;
				CLANG_WARN_STRICT_PROTOTYPES = YES;
				CLANG_WARN_SUSPICIOUS_MOVE = YES;
				CLANG_WARN_UNGUARDED_AVAILABILITY = YES_AGGRESSIVE;
				CLANG_WARN_UNREACHABLE_CODE = YES;
				CLANG_WARN__DUPLICATE_METHOD_MATCH = YES;
				COPY_PHASE_STRIP = NO;
				DEBUG_INFORMATION_FORMAT = dwarf;
				ENABLE_STRICT_OBJC_MSGSEND = YES;
				ENABLE_TESTABILITY = YES;
				GCC_C_LANGUAGE_STANDARD = gnu11;
				GCC_DYNAMIC_NO_PIC = NO;
				GCC_NO_COMMON_BLOCKS = YES;
				GCC_OPTIMIZATION_LEVEL = 0;
				GCC_PREPROCESSOR_DEFINITIONS = (
					"DEBUG=1",
					"$(inherited)",
				);
				GCC_WARN_64_TO_32_BIT_CONVERSION = YES;
				GCC_WARN_ABOUT_RETURN_TYPE = YES_ERROR;
				GCC_WARN_UNDECLARED_SELECTOR = YES;
				GCC_WARN_UNINITIALIZED_AUTOS = YES_AGGRESSIVE;
				GCC_WARN_UNUSED_FUNCTION = YES;
				GCC_WARN_UNUSED_VARIABLE = YES;
				MTL_ENABLE_DEBUG_INFO = INCLUDE_SOURCE;
				MTL_FAST_MATH = YES;
				ONLY_ACTIVE_ARCH = YES;
				SWIFT_ACTIVE_COMPILATION_CONDITIONS = DEBUG;
				SWIFT_OPTIMIZATION_LEVEL = "-Onone";
			};
			name = Debug;
		};
		3EA922992A6F700B00C9F464 /* Release */ = {
			isa = XCBuildConfiguration;
			buildSettings = {
				ALWAYS_SEARCH_USER_PATHS = NO;
				CLANG_ANALYZER_NONNULL = YES;
				CLANG_ANALYZER_NUMBER_OBJECT_CONVERSION = YES_AGGRESSIVE;
				CLANG_CXX_LANGUAGE_STANDARD = "gnu++20";
				CLANG_ENABLE_MODULES = YES;
				CLANG_ENABLE_OBJC_ARC = YES;
				CLANG_ENABLE_OBJC_WEAK = YES;
				CLANG_WARN_BLOCK_CAPTURE_AUTORELEASING = YES;
				CLANG_WARN_BOOL_CONVERSION = YES;
				CLANG_WARN_COMMA = YES;
				CLANG_WARN_CONSTANT_CONVERSION = YES;
				CLANG_WARN_DEPRECATED_OBJC_IMPLEMENTATIONS = YES;
				CLANG_WARN_DIRECT_OBJC_ISA_USAGE = YES_ERROR;
				CLANG_WARN_DOCUMENTATION_COMMENTS = YES;
				CLANG_WARN_EMPTY_BODY = YES;
				CLANG_WARN_ENUM_CONVERSION = YES;
				CLANG_WARN_INFINITE_RECURSION = YES;
				CLANG_WARN_INT_CONVERSION = YES;
				CLANG_WARN_NON_LITERAL_NULL_CONVERSION = YES;
				CLANG_WARN_OBJC_IMPLICIT_RETAIN_SELF = YES;
				CLANG_WARN_OBJC_LITERAL_CONVERSION = YES;
				CLANG_WARN_OBJC_ROOT_CLASS = YES_ERROR;
				CLANG_WARN_QUOTED_INCLUDE_IN_FRAMEWORK_HEADER = YES;
				CLANG_WARN_RANGE_LOOP_ANALYSIS = YES;
				CLANG_WARN_STRICT_PROTOTYPES = YES;
				CLANG_WARN_SUSPICIOUS_MOVE = YES;
				CLANG_WARN_UNGUARDED_AVAILABILITY = YES_AGGRESSIVE;
				CLANG_WARN_UNREACHABLE_CODE = YES;
				CLANG_WARN__DUPLICATE_METHOD_MATCH = YES;
				COPY_PHASE_STRIP = NO;
				DEBUG_INFORMATION_FORMAT = "dwarf-with-dsym";
				ENABLE_NS_ASSERTIONS = NO;
				ENABLE_STRICT_OBJC_MSGSEND = YES;
				GCC_C_LANGUAGE_STANDARD = gnu11;
				GCC_NO_COMMON_BLOCKS = YES;
				GCC_WARN_64_TO_32_BIT_CONVERSION = YES;
				GCC_WARN_ABOUT_RETURN_TYPE = YES_ERROR;
				GCC_WARN_UNDECLARED_SELECTOR = YES;
				GCC_WARN_UNINITIALIZED_AUTOS = YES_AGGRESSIVE;
				GCC_WARN_UNUSED_FUNCTION = YES;
				GCC_WARN_UNUSED_VARIABLE = YES;
				MTL_ENABLE_DEBUG_INFO = NO;
				MTL_FAST_MATH = YES;
				SWIFT_COMPILATION_MODE = wholemodule;
				SWIFT_OPTIMIZATION_LEVEL = "-O";
			};
			name = Release;
		};
		3EA9229B2A6F700B00C9F464 /* Debug */ = {
			isa = XCBuildConfiguration;
			buildSettings = {
				ASSETCATALOG_COMPILER_APPICON_NAME = AppIcon;
				ASSETCATALOG_COMPILER_GLOBAL_ACCENT_COLOR_NAME = AccentColor;
				CODE_SIGN_ENTITLEMENTS = SafeCode/SafeCode.entitlements;
				CODE_SIGN_STYLE = Automatic;
				CURRENT_PROJECT_VERSION = 1;
				DEVELOPMENT_ASSET_PATHS = "\"SafeCode/Preview Content\"";
				ENABLE_PREVIEWS = YES;
				GENERATE_INFOPLIST_FILE = YES;
				"INFOPLIST_KEY_UIApplicationSceneManifest_Generation[sdk=iphoneos*]" = YES;
				"INFOPLIST_KEY_UIApplicationSceneManifest_Generation[sdk=iphonesimulator*]" = YES;
				"INFOPLIST_KEY_UIApplicationSupportsIndirectInputEvents[sdk=iphoneos*]" = YES;
				"INFOPLIST_KEY_UIApplicationSupportsIndirectInputEvents[sdk=iphonesimulator*]" = YES;
				"INFOPLIST_KEY_UILaunchScreen_Generation[sdk=iphoneos*]" = YES;
				"INFOPLIST_KEY_UILaunchScreen_Generation[sdk=iphonesimulator*]" = YES;
				"INFOPLIST_KEY_UIStatusBarStyle[sdk=iphoneos*]" = UIStatusBarStyleDefault;
				"INFOPLIST_KEY_UIStatusBarStyle[sdk=iphonesimulator*]" = UIStatusBarStyleDefault;
				INFOPLIST_KEY_UISupportedInterfaceOrientations_iPad = "UIInterfaceOrientationPortrait UIInterfaceOrientationPortraitUpsideDown UIInterfaceOrientationLandscapeLeft UIInterfaceOrientationLandscapeRight";
				INFOPLIST_KEY_UISupportedInterfaceOrientations_iPhone = "UIInterfaceOrientationPortrait UIInterfaceOrientationLandscapeLeft UIInterfaceOrientationLandscapeRight";
				IPHONEOS_DEPLOYMENT_TARGET = 16.4;
				LD_RUNPATH_SEARCH_PATHS = "@executable_path/Frameworks";
				"LD_RUNPATH_SEARCH_PATHS[sdk=macosx*]" = "@executable_path/../Frameworks";
				MACOSX_DEPLOYMENT_TARGET = 13.3;
				MARKETING_VERSION = 1.0;
				PRODUCT_BUNDLE_IDENTIFIER = com.wrongabhishek.SafeCode;
				PRODUCT_NAME = "$(TARGET_NAME)";
				SDKROOT = auto;
				SUPPORTED_PLATFORMS = "iphoneos iphonesimulator macosx";
				SWIFT_EMIT_LOC_STRINGS = YES;
				SWIFT_VERSION = 5.0;
				TARGETED_DEVICE_FAMILY = "1,2";
			};
			name = Debug;
		};
		3EA9229C2A6F700B00C9F464 /* Release */ = {
			isa = XCBuildConfiguration;
			buildSettings = {
				ASSETCATALOG_COMPILER_APPICON_NAME = AppIcon;
				ASSETCATALOG_COMPILER_GLOBAL_ACCENT_COLOR_NAME = AccentColor;
				CODE_SIGN_ENTITLEMENTS = SafeCode/SafeCode.entitlements;
				CODE_SIGN_STYLE = Automatic;
				CURRENT_PROJECT_VERSION = 1;
				DEVELOPMENT_ASSET_PATHS = "\"SafeCode/Preview Content\"";
				ENABLE_PREVIEWS = YES;
				GENERATE_INFOPLIST_FILE = YES;
				"INFOPLIST_KEY_UIApplicationSceneManifest_Generation[sdk=iphoneos*]" = YES;
				"INFOPLIST_KEY_UIApplicationSceneManifest_Generation[sdk=iphonesimulator*]" = YES;
				"INFOPLIST_KEY_UIApplicationSupportsIndirectInputEvents[sdk=iphoneos*]" = YES;
				"INFOPLIST_KEY_UIApplicationSupportsIndirectInputEvents[sdk=iphonesimulator*]" = YES;
				"INFOPLIST_KEY_UILaunchScreen_Generation[sdk=iphoneos*]" = YES;
				"INFOPLIST_KEY_UILaunchScreen_Generation[sdk=iphonesimulator*]" = YES;
				"INFOPLIST_KEY_UIStatusBarStyle[sdk=iphoneos*]" = UIStatusBarStyleDefault;
				"INFOPLIST_KEY_UIStatusBarStyle[sdk=iphonesimulator*]" = UIStatusBarStyleDefault;
				INFOPLIST_KEY_UISupportedInterfaceOrientations_iPad = "UIInterfaceOrientationPortrait UIInterfaceOrientationPortraitUpsideDown UIInterfaceOrientationLandscapeLeft UIInterfaceOrientationLandscapeRight";
				INFOPLIST_KEY_UISupportedInterfaceOrientations_iPhone = "UIInterfaceOrientationPortrait UIInterfaceOrientationLandscapeLeft UIInterfaceOrientationLandscapeRight";
				IPHONEOS_DEPLOYMENT_TARGET = 16.4;
				LD_RUNPATH_SEARCH_PATHS = "@executable_path/Frameworks";
				"LD_RUNPATH_SEARCH_PATHS[sdk=macosx*]" = "@executable_path/../Frameworks";
				MACOSX_DEPLOYMENT_TARGET = 13.3;
				MARKETING_VERSION = 1.0;
				PRODUCT_BUNDLE_IDENTIFIER = com.wrongabhishek.SafeCode;
				PRODUCT_NAME = "$(TARGET_NAME)";
				SDKROOT = auto;
				SUPPORTED_PLATFORMS = "iphoneos iphonesimulator macosx";
				SWIFT_EMIT_LOC_STRINGS = YES;
				SWIFT_VERSION = 5.0;
				TARGETED_DEVICE_FAMILY = "1,2";
			};
			name = Release;
		};
/* End XCBuildConfiguration section */

/* Begin XCConfigurationList section */
		3EA922862A6F700900C9F464 /* Build configuration list for PBXProject "SafeCode" */ = {
			isa = XCConfigurationList;
			buildConfigurations = (
				3EA922982A6F700B00C9F464 /* Debug */,
				3EA922992A6F700B00C9F464 /* Release */,
			);
			defaultConfigurationIsVisible = 0;
			defaultConfigurationName = Release;
		};
		3EA9229A2A6F700B00C9F464 /* Build configuration list for PBXNativeTarget "SafeCode" */ = {
			isa = XCConfigurationList;
			buildConfigurations = (
				3EA9229B2A6F700B00C9F464 /* Debug */,
				3EA9229C2A6F700B00C9F464 /* Release */,
			);
			defaultConfigurationIsVisible = 0;
			defaultConfigurationName = Release;
		};
/* End XCConfigurationList section */

/* Begin XCVersionGroup section */
		3EEC597E2A7FC805004595BD /* Password.xcdatamodeld */ = {
			isa = XCVersionGroup;
			children = (
				3EEC597F2A7FC805004595BD /* Password.xcdatamodel */,
			);
			currentVersion = 3EEC597F2A7FC805004595BD /* Password.xcdatamodel */;
			path = Password.xcdatamodeld;
			sourceTree = "<group>";
			versionGroupType = wrapper.xcdatamodel;
		};
/* End XCVersionGroup section */
	};
	rootObject = 3EA922832A6F700900C9F464 /* Project object */;
}
